
Microsoft Visual Studio Solution File, Format Version 12.00
# Visual Studio Version 17
VisualStudioVersion = 17.7.34202.233
MinimumVisualStudioVersion = 10.0.40219.1
Project("{FAE04EC0-301F-11D3-BF4B-00C04F79EFBC}") = "Муравей", "Муравей\Муравей.csproj", "{06F772CC-E1B6-45B2-BF31-8B5D4FB50D50}"
EndProject
Project("{2150E333-8FDC-42A3-9474-1A3956D46DE8}") = "Элементы решения", "Элементы решения", "{4515437B-71AA-4550-9425-F1A9114DBC5E}"
EndProject
Global
	GlobalSection(SolutionConfigurationPlatforms) = preSolution
		Debug|Any CPU = Debug|Any CPU
		Release|Any CPU = Release|Any CPU
	EndGlobalSection
	GlobalSection(ProjectConfigurationPlatforms) = postSolution
		{06F772CC-E1B6-45B2-BF31-8B5D4FB50D50}.Debug|Any CPU.ActiveCfg = Debug|Any CPU
		{06F772CC-E1B6-45B2-BF31-8B5D4FB50D50}.Debug|Any CPU.Build.0 = Debug|Any CPU
		{06F772CC-E1B6-45B2-BF31-8B5D4FB50D50}.Release|Any CPU.ActiveCfg = Release|Any CPU
		{06F772CC-E1B6-45B2-BF31-8B5D4FB50D50}.Release|Any CPU.Build.0 = Release|Any CPU
	EndGlobalSection
	GlobalSection(SolutionProperties) = preSolution
		HideSolutionNode = FALSE
	EndGlobalSection
	GlobalSection(ExtensibilityGlobals) = postSolution
		SolutionGuid = {96DB1527-939E-486E-909C-A06D9FC0DFB3}
	EndGlobalSection
EndGlobal
